
Microsoft Visual Studio Solution File, Format Version 12.00
# Visual Studio Version 17
VisualStudioVersion = 17.0.31903.59
MinimumVisualStudioVersion = 10.0.40219.1
Project("{2150E333-8FDC-42A3-9474-1A3956D46DE8}") = "src", "src", "{827E0CD3-B72D-47B6-A68D-7590B98EB39B}"
EndProject
Project("{FAE04EC0-301F-11D3-BF4B-00C04F79EFBC}") = "PanoPos.Domain", "src\PanoPos.Domain\PanoPos.Domain.csproj", "{38EA273C-85CD-470C-BD14-981436C1F074}"
EndProject
Project("{FAE04EC0-301F-11D3-BF4B-00C04F79EFBC}") = "PanoPos.Application", "src\PanoPos.Application\PanoPos.Application.csproj", "{D6C64D34-21F4-491C-B251-1846D531F48F}"
EndProject
Project("{FAE04EC0-301F-11D3-BF4B-00C04F79EFBC}") = "PanoPos.Infrastructure", "src\PanoPos.Infrastructure\PanoPos.Infrastructure.csproj", "{E65F2AFF-6B12-43B3-8521-022E43B76F46}"
EndProject
Project("{FAE04EC0-301F-11D3-BF4B-00C04F79EFBC}") = "PanoPos.WebApi", "src\PanoPos.WebApi\PanoPos.WebApi.csproj", "{9CB8BA5F-9D78-41FF-B395-3A0A296AF850}"
EndProject
Project("{FAE04EC0-301F-11D3-BF4B-00C04F79EFBC}") = "PanoPos.Tests", "tests\PanoPos.Tests\PanoPos.Tests.csproj", "{BB18FFAB-65E3-413A-AB4F-F5BC7231B59A}"
EndProject
Project("{FAE04EC0-301F-11D3-BF4B-00C04F79EFBC}") = "PanoPos.Desktop", "src\PanoPos.Desktop\PanoPos.Desktop.csproj", "{FBA73B5D-1155-4348-A1B7-C53600388B97}"
EndProject
Global
	GlobalSection(SolutionConfigurationPlatforms) = preSolution
		Debug|Any CPU = Debug|Any CPU
		Debug|x64 = Debug|x64
		Debug|x86 = Debug|x86
		Release|Any CPU = Release|Any CPU
		Release|x64 = Release|x64
		Release|x86 = Release|x86
	EndGlobalSection
	GlobalSection(ProjectConfigurationPlatforms) = postSolution
		{38EA273C-85CD-470C-BD14-981436C1F074}.Debug|Any CPU.ActiveCfg = Debug|Any CPU
		{38EA273C-85CD-470C-BD14-981436C1F074}.Debug|Any CPU.Build.0 = Debug|Any CPU
		{38EA273C-85CD-470C-BD14-981436C1F074}.Debug|x64.ActiveCfg = Debug|Any CPU
		{38EA273C-85CD-470C-BD14-981436C1F074}.Debug|x64.Build.0 = Debug|Any CPU
		{38EA273C-85CD-470C-BD14-981436C1F074}.Debug|x86.ActiveCfg = Debug|Any CPU
		{38EA273C-85CD-470C-BD14-981436C1F074}.Debug|x86.Build.0 = Debug|Any CPU
		{38EA273C-85CD-470C-BD14-981436C1F074}.Release|Any CPU.ActiveCfg = Release|Any CPU
		{38EA273C-85CD-470C-BD14-981436C1F074}.Release|Any CPU.Build.0 = Release|Any CPU
		{38EA273C-85CD-470C-BD14-981436C1F074}.Release|x64.ActiveCfg = Release|Any CPU
		{38EA273C-85CD-470C-BD14-981436C1F074}.Release|x64.Build.0 = Release|Any CPU
		{38EA273C-85CD-470C-BD14-981436C1F074}.Release|x86.ActiveCfg = Release|Any CPU
		{38EA273C-85CD-470C-BD14-981436C1F074}.Release|x86.Build.0 = Release|Any CPU
		{D6C64D34-21F4-491C-B251-1846D531F48F}.Debug|Any CPU.ActiveCfg = Debug|Any CPU
		{D6C64D34-21F4-491C-B251-1846D531F48F}.Debug|Any CPU.Build.0 = Debug|Any CPU
		{D6C64D34-21F4-491C-B251-1846D531F48F}.Debug|x64.ActiveCfg = Debug|Any CPU
		{D6C64D34-21F4-491C-B251-1846D531F48F}.Debug|x64.Build.0 = Debug|Any CPU
		{D6C64D34-21F4-491C-B251-1846D531F48F}.Debug|x86.ActiveCfg = Debug|Any CPU
		{D6C64D34-21F4-491C-B251-1846D531F48F}.Debug|x86.Build.0 = Debug|Any CPU
		{D6C64D34-21F4-491C-B251-1846D531F48F}.Release|Any CPU.ActiveCfg = Release|Any CPU
		{D6C64D34-21F4-491C-B251-1846D531F48F}.Release|Any CPU.Build.0 = Release|Any CPU
		{D6C64D34-21F4-491C-B251-1846D531F48F}.Release|x64.ActiveCfg = Release|Any CPU
		{D6C64D34-21F4-491C-B251-1846D531F48F}.Release|x64.Build.0 = Release|Any CPU
		{D6C64D34-21F4-491C-B251-1846D531F48F}.Release|x86.ActiveCfg = Release|Any CPU
		{D6C64D34-21F4-491C-B251-1846D531F48F}.Release|x86.Build.0 = Release|Any CPU
		{E65F2AFF-6B12-43B3-8521-022E43B76F46}.Debug|Any CPU.ActiveCfg = Debug|Any CPU
		{E65F2AFF-6B12-43B3-8521-022E43B76F46}.Debug|Any CPU.Build.0 = Debug|Any CPU
		{E65F2AFF-6B12-43B3-8521-022E43B76F46}.Debug|x64.ActiveCfg = Debug|Any CPU
		{E65F2AFF-6B12-43B3-8521-022E43B76F46}.Debug|x64.Build.0 = Debug|Any CPU
		{E65F2AFF-6B12-43B3-8521-022E43B76F46}.Debug|x86.ActiveCfg = Debug|Any CPU
		{E65F2AFF-6B12-43B3-8521-022E43B76F46}.Debug|x86.Build.0 = Debug|Any CPU
		{E65F2AFF-6B12-43B3-8521-022E43B76F46}.Release|Any CPU.ActiveCfg = Release|Any CPU
		{E65F2AFF-6B12-43B3-8521-022E43B76F46}.Release|Any CPU.Build.0 = Release|Any CPU
		{E65F2AFF-6B12-43B3-8521-022E43B76F46}.Release|x64.ActiveCfg = Release|Any CPU
		{E65F2AFF-6B12-43B3-8521-022E43B76F46}.Release|x64.Build.0 = Release|Any CPU
		{E65F2AFF-6B12-43B3-8521-022E43B76F46}.Release|x86.ActiveCfg = Release|Any CPU
		{E65F2AFF-6B12-43B3-8521-022E43B76F46}.Release|x86.Build.0 = Release|Any CPU
		{9CB8BA5F-9D78-41FF-B395-3A0A296AF850}.Debug|Any CPU.ActiveCfg = Debug|Any CPU
		{9CB8BA5F-9D78-41FF-B395-3A0A296AF850}.Debug|Any CPU.Build.0 = Debug|Any CPU
		{9CB8BA5F-9D78-41FF-B395-3A0A296AF850}.Debug|x64.ActiveCfg = Debug|Any CPU
		{9CB8BA5F-9D78-41FF-B395-3A0A296AF850}.Debug|x64.Build.0 = Debug|Any CPU
		{9CB8BA5F-9D78-41FF-B395-3A0A296AF850}.Debug|x86.ActiveCfg = Debug|Any CPU
		{9CB8BA5F-9D78-41FF-B395-3A0A296AF850}.Debug|x86.Build.0 = Debug|Any CPU
		{9CB8BA5F-9D78-41FF-B395-3A0A296AF850}.Release|Any CPU.ActiveCfg = Release|Any CPU
		{9CB8BA5F-9D78-41FF-B395-3A0A296AF850}.Release|Any CPU.Build.0 = Release|Any CPU
		{9CB8BA5F-9D78-41FF-B395-3A0A296AF850}.Release|x64.ActiveCfg = Release|Any CPU
		{9CB8BA5F-9D78-41FF-B395-3A0A296AF850}.Release|x64.Build.0 = Release|Any CPU
		{9CB8BA5F-9D78-41FF-B395-3A0A296AF850}.Release|x86.ActiveCfg = Release|Any CPU
		{9CB8BA5F-9D78-41FF-B395-3A0A296AF850}.Release|x86.Build.0 = Release|Any CPU
		{BB18FFAB-65E3-413A-AB4F-F5BC7231B59A}.Debug|Any CPU.ActiveCfg = Debug|Any CPU
		{BB18FFAB-65E3-413A-AB4F-F5BC7231B59A}.Debug|Any CPU.Build.0 = Debug|Any CPU
		{BB18FFAB-65E3-413A-AB4F-F5BC7231B59A}.Debug|x64.ActiveCfg = Debug|Any CPU
		{BB18FFAB-65E3-413A-AB4F-F5BC7231B59A}.Debug|x64.Build.0 = Debug|Any CPU
		{BB18FFAB-65E3-413A-AB4F-F5BC7231B59A}.Debug|x86.ActiveCfg = Debug|Any CPU
		{BB18FFAB-65E3-413A-AB4F-F5BC7231B59A}.Debug|x86.Build.0 = Debug|Any CPU
		{BB18FFAB-65E3-413A-AB4F-F5BC7231B59A}.Release|Any CPU.ActiveCfg = Release|Any CPU
		{BB18FFAB-65E3-413A-AB4F-F5BC7231B59A}.Release|Any CPU.Build.0 = Release|Any CPU
		{BB18FFAB-65E3-413A-AB4F-F5BC7231B59A}.Release|x64.ActiveCfg = Release|Any CPU
		{BB18FFAB-65E3-413A-AB4F-F5BC7231B59A}.Release|x64.Build.0 = Release|Any CPU
		{BB18FFAB-65E3-413A-AB4F-F5BC7231B59A}.Release|x86.ActiveCfg = Release|Any CPU
		{BB18FFAB-65E3-413A-AB4F-F5BC7231B59A}.Release|x86.Build.0 = Release|Any CPU
		{FBA73B5D-1155-4348-A1B7-C53600388B97}.Debug|Any CPU.ActiveCfg = Debug|Any CPU
		{FBA73B5D-1155-4348-A1B7-C53600388B97}.Debug|Any CPU.Build.0 = Debug|Any CPU
		{FBA73B5D-1155-4348-A1B7-C53600388B97}.Debug|x64.ActiveCfg = Debug|Any CPU
		{FBA73B5D-1155-4348-A1B7-C53600388B97}.Debug|x64.Build.0 = Debug|Any CPU
		{FBA73B5D-1155-4348-A1B7-C53600388B97}.Debug|x86.ActiveCfg = Debug|Any CPU
		{FBA73B5D-1155-4348-A1B7-C53600388B97}.Debug|x86.Build.0 = Debug|Any CPU
		{FBA73B5D-1155-4348-A1B7-C53600388B97}.Release|Any CPU.ActiveCfg = Release|Any CPU
		{FBA73B5D-1155-4348-A1B7-C53600388B97}.Release|Any CPU.Build.0 = Release|Any CPU
		{FBA73B5D-1155-4348-A1B7-C53600388B97}.Release|x64.ActiveCfg = Release|Any CPU
		{FBA73B5D-1155-4348-A1B7-C53600388B97}.Release|x64.Build.0 = Release|Any CPU
		{FBA73B5D-1155-4348-A1B7-C53600388B97}.Release|x86.ActiveCfg = Release|Any CPU
		{FBA73B5D-1155-4348-A1B7-C53600388B97}.Release|x86.Build.0 = Release|Any CPU
	EndGlobalSection
	GlobalSection(SolutionProperties) = preSolution
		HideSolutionNode = FALSE
	EndGlobalSection
	GlobalSection(NestedProjects) = preSolution
		{38EA273C-85CD-470C-BD14-981436C1F074} = {827E0CD3-B72D-47B6-A68D-7590B98EB39B}
		{D6C64D34-21F4-491C-B251-1846D531F48F} = {827E0CD3-B72D-47B6-A68D-7590B98EB39B}
		{E65F2AFF-6B12-43B3-8521-022E43B76F46} = {827E0CD3-B72D-47B6-A68D-7590B98EB39B}
		{9CB8BA5F-9D78-41FF-B395-3A0A296AF850} = {827E0CD3-B72D-47B6-A68D-7590B98EB39B}
		{BB18FFAB-65E3-413A-AB4F-F5BC7231B59A} = {827E0CD3-B72D-47B6-A68D-7590B98EB39B}
		{FBA73B5D-1155-4348-A1B7-C53600388B97} = {827E0CD3-B72D-47B6-A68D-7590B98EB39B}
	EndGlobalSection
EndGlobal
